{"filter":false,"title":"Gemfile.lock","tooltip":"/rails/error-pictweet/error-pictweet/Gemfile.lock","undoManager":{"mark":-1,"position":-1,"stack":[]},"ace":{"folds":[],"scrolltop":3355.5,"scrollleft":0,"selection":{"start":{"row":0,"column":0},"end":{"row":0,"column":0},"isBackwards":false},"options":{"guessTabSize":true,"useWrapMode":false,"wrapToView":true},"firstLineState":{"row":208,"state":"start","mode":"ace/mode/text"}},"timestamp":1576843127546,"hash":"a20e652bd973b0a4dd21171aab04a828843a8d31"}