{"filter":false,"title":"Gemfile.lock","tooltip":"/rails2/profy2/Gemfile.lock","undoManager":{"mark":0,"position":0,"stack":[[{"start":{"row":114,"column":21},"end":{"row":114,"column":34},"action":"remove","lines":["-x86_64-linux"],"id":2,"ignore":true},{"start":{"row":193,"column":13},"end":{"row":193,"column":16},"action":"remove","lines":["2.1"]},{"start":{"row":193,"column":13},"end":{"row":193,"column":16},"action":"insert","lines":["3.0"]}]]},"ace":{"folds":[],"scrolltop":3965.5,"scrollleft":0,"selection":{"start":{"row":263,"column":2},"end":{"row":263,"column":9},"isBackwards":false},"options":{"guessTabSize":true,"useWrapMode":false,"wrapToView":true},"firstLineState":{"row":246,"state":"start","mode":"ace/mode/text"}},"timestamp":1587714979984,"hash":"c3fabbe943a02b93f0d836e126b67819f81aa8f0"}