{"filter":false,"title":"Gemfile.lock","tooltip":"/rails/mooovi2/Gemfile.lock","undoManager":{"mark":-1,"position":-1,"stack":[]},"ace":{"folds":[],"scrolltop":0,"scrollleft":0,"selection":{"start":{"row":0,"column":0},"end":{"row":0,"column":0},"isBackwards":false},"options":{"guessTabSize":true,"useWrapMode":false,"wrapToView":true},"firstLineState":0},"timestamp":1568977223276,"hash":"88f0d810131ae2d15613f09d4deb8c1eaa500fb2"}