{"filter":false,"title":"Gemfile.lock","tooltip":"/mooovi2/Gemfile.lock","undoManager":{"mark":-1,"position":-1,"stack":[]},"ace":{"folds":[],"scrolltop":0,"scrollleft":0,"selection":{"start":{"row":0,"column":0},"end":{"row":0,"column":0},"isBackwards":false},"options":{"guessTabSize":true,"useWrapMode":false,"wrapToView":true},"firstLineState":0},"timestamp":1570876945232,"hash":"ddaee574c29718736aa0d352b36b9b0af861005e"}