{"filter":false,"title":"Gemfile.lock","tooltip":"/rails2/profy/Gemfile.lock","undoManager":{"mark":-1,"position":-1,"stack":[]},"ace":{"folds":[],"scrolltop":1438.5,"scrollleft":0,"selection":{"start":{"row":107,"column":4},"end":{"row":107,"column":12},"isBackwards":false},"options":{"guessTabSize":true,"useWrapMode":false,"wrapToView":true},"firstLineState":{"row":88,"state":"start","mode":"ace/mode/text"}},"timestamp":1575616513784,"hash":"d8ad8da9acc10499267e229214ead14ed1170505"}