{"filter":false,"title":"Gemfile.lock","tooltip":"/profy/Gemfile.lock","undoManager":{"mark":0,"position":0,"stack":[[{"start":{"row":129,"column":0},"end":{"row":130,"column":0},"action":"insert","lines":["    mini_magick (4.9.3)",""],"id":3,"ignore":true},{"start":{"row":258,"column":0},"end":{"row":259,"column":0},"action":"insert","lines":["  mini_magick",""]}]]},"ace":{"folds":[],"scrolltop":1785.5,"scrollleft":0,"selection":{"start":{"row":0,"column":0},"end":{"row":0,"column":0},"isBackwards":false},"options":{"guessTabSize":true,"useWrapMode":false,"wrapToView":true},"firstLineState":0},"timestamp":1560590855571,"hash":"20f1abfd3818099d7433bcd5357f05206b68610c"}